// !$*UTF8*$!
{
	archiveVersion = 1;
	classes = {
	};
	objectVersion = 56;
	objects = {

/* Begin PBXBuildFile section */
		2225A4CE2A75ACD600FC89C0 /* apiKey.plist in Resources */ = {isa = PBXBuildFile; fileRef = 2225A4CD2A75ACD600FC89C0 /* apiKey.plist */; };
		2225A4D32A75B4DF00FC89C0 /* SearchForm.swift in Sources */ = {isa = PBXBuildFile; fileRef = 2225A4D22A75B4DF00FC89C0 /* SearchForm.swift */; };
		2225A4D52A785FBF00FC89C0 /* PromptManager.swift in Sources */ = {isa = PBXBuildFile; fileRef = 2225A4D42A785FBF00FC89C0 /* PromptManager.swift */; };
		2225A4DA2A787B9700FC89C0 /* VotingForm.swift in Sources */ = {isa = PBXBuildFile; fileRef = 2225A4D92A787B9700FC89C0 /* VotingForm.swift */; };
		2225A4DC2A787C4C00FC89C0 /* RoundResults.swift in Sources */ = {isa = PBXBuildFile; fileRef = 2225A4DB2A787C4C00FC89C0 /* RoundResults.swift */; };
		2225A4DE2A787C6000FC89C0 /* Scoreboard.swift in Sources */ = {isa = PBXBuildFile; fileRef = 2225A4DD2A787C6000FC89C0 /* Scoreboard.swift */; };
		2225A5162A7AA76800FC89C0 /* GiphyUISDK in Frameworks */ = {isa = PBXBuildFile; productRef = 2225A5152A7AA76800FC89C0 /* GiphyUISDK */; };
		22A4B5BC2A70DD39003538BD /* MEMEfyApp.swift in Sources */ = {isa = PBXBuildFile; fileRef = 22A4B5BB2A70DD39003538BD /* MEMEfyApp.swift */; };
		22A4B5BE2A70DD39003538BD /* ContentView.swift in Sources */ = {isa = PBXBuildFile; fileRef = 22A4B5BD2A70DD39003538BD /* ContentView.swift */; };
		22A4B5C02A70DD3B003538BD /* Assets.xcassets in Resources */ = {isa = PBXBuildFile; fileRef = 22A4B5BF2A70DD3B003538BD /* Assets.xcassets */; };
		22A4B5C32A70DD3B003538BD /* Preview Assets.xcassets in Resources */ = {isa = PBXBuildFile; fileRef = 22A4B5C22A70DD3B003538BD /* Preview Assets.xcassets */; };
		22A4B5D42A70F51B003538BD /* LoginForm.swift in Sources */ = {isa = PBXBuildFile; fileRef = 22A4B5D32A70F51B003538BD /* LoginForm.swift */; };
		22A4B60F2A72F640003538BD /* PromptForm.swift in Sources */ = {isa = PBXBuildFile; fileRef = 22A4B60E2A72F640003538BD /* PromptForm.swift */; };
		22A4B6152A72FBDD003538BD /* GameRoomModel.swift in Sources */ = {isa = PBXBuildFile; fileRef = 22A4B6142A72FBDD003538BD /* GameRoomModel.swift */; };
		22A4B6172A7303D6003538BD /* PromptModel.swift in Sources */ = {isa = PBXBuildFile; fileRef = 22A4B6162A7303D6003538BD /* PromptModel.swift */; };
		22A4B6192A731465003538BD /* WaitingRoomView.swift in Sources */ = {isa = PBXBuildFile; fileRef = 22A4B6182A731465003538BD /* WaitingRoomView.swift */; };
		22A4B61B2A731481003538BD /* PersonalizePromptsView.swift in Sources */ = {isa = PBXBuildFile; fileRef = 22A4B61A2A731481003538BD /* PersonalizePromptsView.swift */; };
		22A4B61D2A73149B003538BD /* RoundJudgeView.swift in Sources */ = {isa = PBXBuildFile; fileRef = 22A4B61C2A73149B003538BD /* RoundJudgeView.swift */; };
		22A4B61F2A7314AC003538BD /* RoundPlayerView.swift in Sources */ = {isa = PBXBuildFile; fileRef = 22A4B61E2A7314AC003538BD /* RoundPlayerView.swift */; };
		22A4B6212A7314C1003538BD /* VotingPlayerView.swift in Sources */ = {isa = PBXBuildFile; fileRef = 22A4B6202A7314C1003538BD /* VotingPlayerView.swift */; };
		22A4B6232A7314CF003538BD /* VotingJudgeView.swift in Sources */ = {isa = PBXBuildFile; fileRef = 22A4B6222A7314CF003538BD /* VotingJudgeView.swift */; };
		22A4B6252A7314E2003538BD /* ResultView.swift in Sources */ = {isa = PBXBuildFile; fileRef = 22A4B6242A7314E2003538BD /* ResultView.swift */; };
		22A4B6282A731B9C003538BD /* FirebaseFirestore in Frameworks */ = {isa = PBXBuildFile; productRef = 22A4B6272A731B9C003538BD /* FirebaseFirestore */; };
		22A4B62A2A731B9C003538BD /* FirebaseFirestoreSwift in Frameworks */ = {isa = PBXBuildFile; productRef = 22A4B6292A731B9C003538BD /* FirebaseFirestoreSwift */; };
		22A4B62F2A73F52F003538BD /* FirebaseManager.swift in Sources */ = {isa = PBXBuildFile; fileRef = 22A4B62E2A73F52F003538BD /* FirebaseManager.swift */; };
		22A4B64B2A7408E9003538BD /* GoogleService-Info.plist in Resources */ = {isa = PBXBuildFile; fileRef = 22A4B64A2A7408E8003538BD /* GoogleService-Info.plist */; };
/* End PBXBuildFile section */

/* Begin PBXFileReference section */
		2225A4CD2A75ACD600FC89C0 /* apiKey.plist */ = {isa = PBXFileReference; lastKnownFileType = text.plist.xml; path = apiKey.plist; sourceTree = "<group>"; };
		2225A4CF2A75ADB100FC89C0 /* GIPHYManager.swift */ = {isa = PBXFileReference; lastKnownFileType = sourcecode.swift; path = GIPHYManager.swift; sourceTree = "<group>"; };
		2225A4D22A75B4DF00FC89C0 /* SearchForm.swift */ = {isa = PBXFileReference; lastKnownFileType = sourcecode.swift; path = SearchForm.swift; sourceTree = "<group>"; };
		2225A4D42A785FBF00FC89C0 /* PromptManager.swift */ = {isa = PBXFileReference; lastKnownFileType = sourcecode.swift; path = PromptManager.swift; sourceTree = "<group>"; };
		2225A4D92A787B9700FC89C0 /* VotingForm.swift */ = {isa = PBXFileReference; lastKnownFileType = sourcecode.swift; path = VotingForm.swift; sourceTree = "<group>"; };
		2225A4DB2A787C4C00FC89C0 /* RoundResults.swift */ = {isa = PBXFileReference; lastKnownFileType = sourcecode.swift; path = RoundResults.swift; sourceTree = "<group>"; };
		2225A4DD2A787C6000FC89C0 /* Scoreboard.swift */ = {isa = PBXFileReference; lastKnownFileType = sourcecode.swift; path = Scoreboard.swift; sourceTree = "<group>"; };
		22A4B5B82A70DD39003538BD /* MEMEfy.app */ = {isa = PBXFileReference; explicitFileType = wrapper.application; includeInIndex = 0; path = MEMEfy.app; sourceTree = BUILT_PRODUCTS_DIR; };
		22A4B5BB2A70DD39003538BD /* MEMEfyApp.swift */ = {isa = PBXFileReference; lastKnownFileType = sourcecode.swift; path = MEMEfyApp.swift; sourceTree = "<group>"; };
		22A4B5BD2A70DD39003538BD /* ContentView.swift */ = {isa = PBXFileReference; lastKnownFileType = sourcecode.swift; path = ContentView.swift; sourceTree = "<group>"; };
		22A4B5BF2A70DD3B003538BD /* Assets.xcassets */ = {isa = PBXFileReference; lastKnownFileType = folder.assetcatalog; path = Assets.xcassets; sourceTree = "<group>"; };
		22A4B5C22A70DD3B003538BD /* Preview Assets.xcassets */ = {isa = PBXFileReference; lastKnownFileType = folder.assetcatalog; path = "Preview Assets.xcassets"; sourceTree = "<group>"; };
		22A4B5D32A70F51B003538BD /* LoginForm.swift */ = {isa = PBXFileReference; lastKnownFileType = sourcecode.swift; path = LoginForm.swift; sourceTree = "<group>"; };
		22A4B60E2A72F640003538BD /* PromptForm.swift */ = {isa = PBXFileReference; lastKnownFileType = sourcecode.swift; path = PromptForm.swift; sourceTree = "<group>"; };
		22A4B6142A72FBDD003538BD /* GameRoomModel.swift */ = {isa = PBXFileReference; lastKnownFileType = sourcecode.swift; path = GameRoomModel.swift; sourceTree = "<group>"; };
		22A4B6162A7303D6003538BD /* PromptModel.swift */ = {isa = PBXFileReference; lastKnownFileType = sourcecode.swift; path = PromptModel.swift; sourceTree = "<group>"; };
		22A4B6182A731465003538BD /* WaitingRoomView.swift */ = {isa = PBXFileReference; lastKnownFileType = sourcecode.swift; path = WaitingRoomView.swift; sourceTree = "<group>"; };
		22A4B61A2A731481003538BD /* PersonalizePromptsView.swift */ = {isa = PBXFileReference; lastKnownFileType = sourcecode.swift; path = PersonalizePromptsView.swift; sourceTree = "<group>"; };
		22A4B61C2A73149B003538BD /* RoundJudgeView.swift */ = {isa = PBXFileReference; lastKnownFileType = sourcecode.swift; path = RoundJudgeView.swift; sourceTree = "<group>"; };
		22A4B61E2A7314AC003538BD /* RoundPlayerView.swift */ = {isa = PBXFileReference; lastKnownFileType = sourcecode.swift; path = RoundPlayerView.swift; sourceTree = "<group>"; };
		22A4B6202A7314C1003538BD /* VotingPlayerView.swift */ = {isa = PBXFileReference; lastKnownFileType = sourcecode.swift; path = VotingPlayerView.swift; sourceTree = "<group>"; };
		22A4B6222A7314CF003538BD /* VotingJudgeView.swift */ = {isa = PBXFileReference; lastKnownFileType = sourcecode.swift; path = VotingJudgeView.swift; sourceTree = "<group>"; };
		22A4B6242A7314E2003538BD /* ResultView.swift */ = {isa = PBXFileReference; lastKnownFileType = sourcecode.swift; path = ResultView.swift; sourceTree = "<group>"; };
		22A4B62E2A73F52F003538BD /* FirebaseManager.swift */ = {isa = PBXFileReference; lastKnownFileType = sourcecode.swift; path = FirebaseManager.swift; sourceTree = "<group>"; };
		22A4B64A2A7408E8003538BD /* GoogleService-Info.plist */ = {isa = PBXFileReference; lastKnownFileType = text.plist; path = "GoogleService-Info.plist"; sourceTree = SOURCE_ROOT; };
/* End PBXFileReference section */

/* Begin PBXFrameworksBuildPhase section */
		22A4B5B52A70DD39003538BD /* Frameworks */ = {
			isa = PBXFrameworksBuildPhase;
			buildActionMask = 2147483647;
			files = (
				2225A5162A7AA76800FC89C0 /* GiphyUISDK in Frameworks */,
				22A4B6282A731B9C003538BD /* FirebaseFirestore in Frameworks */,
				22A4B62A2A731B9C003538BD /* FirebaseFirestoreSwift in Frameworks */,
			);
			runOnlyForDeploymentPostprocessing = 0;
		};
/* End PBXFrameworksBuildPhase section */

/* Begin PBXGroup section */
		22A4B5AF2A70DD39003538BD = {
			isa = PBXGroup;
			children = (
				22A4B5BA2A70DD39003538BD /* MEMEfy */,
				22A4B5B92A70DD39003538BD /* Products */,
			);
			sourceTree = "<group>";
		};
		22A4B5B92A70DD39003538BD /* Products */ = {
			isa = PBXGroup;
			children = (
				22A4B5B82A70DD39003538BD /* MEMEfy.app */,
			);
			name = Products;
			sourceTree = "<group>";
		};
		22A4B5BA2A70DD39003538BD /* MEMEfy */ = {
			isa = PBXGroup;
			children = (
				22A4B64C2A740D00003538BD /* Networking */,
				22A4B6132A72FB76003538BD /* Models */,
				22A4B6122A72FB4E003538BD /* Views */,
				22A4B5D22A70F457003538BD /* Components */,
				22A4B5BB2A70DD39003538BD /* MEMEfyApp.swift */,
				22A4B64A2A7408E8003538BD /* GoogleService-Info.plist */,
				2225A4CD2A75ACD600FC89C0 /* apiKey.plist */,
				22A4B5BF2A70DD3B003538BD /* Assets.xcassets */,
				22A4B5C12A70DD3B003538BD /* Preview Content */,
			);
			path = MEMEfy;
			sourceTree = "<group>";
		};
		22A4B5C12A70DD3B003538BD /* Preview Content */ = {
			isa = PBXGroup;
			children = (
				22A4B5C22A70DD3B003538BD /* Preview Assets.xcassets */,
			);
			path = "Preview Content";
			sourceTree = "<group>";
		};
		22A4B5D22A70F457003538BD /* Components */ = {
			isa = PBXGroup;
			children = (
				22A4B5D32A70F51B003538BD /* LoginForm.swift */,
				22A4B60E2A72F640003538BD /* PromptForm.swift */,
				2225A4D22A75B4DF00FC89C0 /* SearchForm.swift */,
				2225A4D92A787B9700FC89C0 /* VotingForm.swift */,
				2225A4DB2A787C4C00FC89C0 /* RoundResults.swift */,
				2225A4DD2A787C6000FC89C0 /* Scoreboard.swift */,
			);
			path = Components;
			sourceTree = "<group>";
		};
		22A4B6122A72FB4E003538BD /* Views */ = {
			isa = PBXGroup;
			children = (
				22A4B5BD2A70DD39003538BD /* ContentView.swift */,
				22A4B6182A731465003538BD /* WaitingRoomView.swift */,
				22A4B61A2A731481003538BD /* PersonalizePromptsView.swift */,
				22A4B61C2A73149B003538BD /* RoundJudgeView.swift */,
				22A4B61E2A7314AC003538BD /* RoundPlayerView.swift */,
				22A4B6202A7314C1003538BD /* VotingPlayerView.swift */,
				22A4B6222A7314CF003538BD /* VotingJudgeView.swift */,
				22A4B6242A7314E2003538BD /* ResultView.swift */,
			);
			path = Views;
			sourceTree = "<group>";
		};
		22A4B6132A72FB76003538BD /* Models */ = {
			isa = PBXGroup;
			children = (
				22A4B6142A72FBDD003538BD /* GameRoomModel.swift */,
				22A4B6162A7303D6003538BD /* PromptModel.swift */,
			);
			path = Models;
			sourceTree = "<group>";
		};
		22A4B64C2A740D00003538BD /* Networking */ = {
			isa = PBXGroup;
			children = (
				22A4B62E2A73F52F003538BD /* FirebaseManager.swift */,
				2225A4CF2A75ADB100FC89C0 /* GIPHYManager.swift */,
				2225A4D42A785FBF00FC89C0 /* PromptManager.swift */,
			);
			path = Networking;
			sourceTree = "<group>";
		};
/* End PBXGroup section */

/* Begin PBXNativeTarget section */
		22A4B5B72A70DD39003538BD /* MEMEfy */ = {
			isa = PBXNativeTarget;
			buildConfigurationList = 22A4B5C62A70DD3B003538BD /* Build configuration list for PBXNativeTarget "MEMEfy" */;
			buildPhases = (
				22A4B5B42A70DD39003538BD /* Sources */,
				22A4B5B52A70DD39003538BD /* Frameworks */,
				22A4B5B62A70DD39003538BD /* Resources */,
			);
			buildRules = (
			);
			dependencies = (
			);
			name = MEMEfy;
			packageProductDependencies = (
				22A4B6272A731B9C003538BD /* FirebaseFirestore */,
				22A4B6292A731B9C003538BD /* FirebaseFirestoreSwift */,
				2225A5152A7AA76800FC89C0 /* GiphyUISDK */,
			);
			productName = MEMEfy;
			productReference = 22A4B5B82A70DD39003538BD /* MEMEfy.app */;
			productType = "com.apple.product-type.application";
		};
/* End PBXNativeTarget section */

/* Begin PBXProject section */
		22A4B5B02A70DD39003538BD /* Project object */ = {
			isa = PBXProject;
			attributes = {
				BuildIndependentTargetsInParallel = 1;
				LastSwiftUpdateCheck = 1430;
				LastUpgradeCheck = 1430;
				TargetAttributes = {
					22A4B5B72A70DD39003538BD = {
						CreatedOnToolsVersion = 14.3.1;
					};
				};
			};
			buildConfigurationList = 22A4B5B32A70DD39003538BD /* Build configuration list for PBXProject "MEMEfy" */;
			compatibilityVersion = "Xcode 14.0";
			developmentRegion = en;
			hasScannedForEncodings = 0;
			knownRegions = (
				en,
				Base,
			);
			mainGroup = 22A4B5AF2A70DD39003538BD;
			packageReferences = (
				22A4B6262A731B9C003538BD /* XCRemoteSwiftPackageReference "firebase-ios-sdk" */,
				2225A5142A7AA76800FC89C0 /* XCRemoteSwiftPackageReference "giphy-ios-sdk" */,
			);
			productRefGroup = 22A4B5B92A70DD39003538BD /* Products */;
			projectDirPath = "";
			projectRoot = "";
			targets = (
				22A4B5B72A70DD39003538BD /* MEMEfy */,
			);
		};
/* End PBXProject section */

/* Begin PBXResourcesBuildPhase section */
		22A4B5B62A70DD39003538BD /* Resources */ = {
			isa = PBXResourcesBuildPhase;
			buildActionMask = 2147483647;
			files = (
				22A4B5C32A70DD3B003538BD /* Preview Assets.xcassets in Resources */,
				22A4B5C02A70DD3B003538BD /* Assets.xcassets in Resources */,
				22A4B64B2A7408E9003538BD /* GoogleService-Info.plist in Resources */,
				2225A4CE2A75ACD600FC89C0 /* apiKey.plist in Resources */,
			);
			runOnlyForDeploymentPostprocessing = 0;
		};
/* End PBXResourcesBuildPhase section */

/* Begin PBXSourcesBuildPhase section */
		22A4B5B42A70DD39003538BD /* Sources */ = {
			isa = PBXSourcesBuildPhase;
			buildActionMask = 2147483647;
			files = (
				22A4B5BE2A70DD39003538BD /* ContentView.swift in Sources */,
				22A4B60F2A72F640003538BD /* PromptForm.swift in Sources */,
				22A4B61F2A7314AC003538BD /* RoundPlayerView.swift in Sources */,
				22A4B6152A72FBDD003538BD /* GameRoomModel.swift in Sources */,
				22A4B6232A7314CF003538BD /* VotingJudgeView.swift in Sources */,
				22A4B6252A7314E2003538BD /* ResultView.swift in Sources */,
				22A4B6212A7314C1003538BD /* VotingPlayerView.swift in Sources */,
				22A4B61D2A73149B003538BD /* RoundJudgeView.swift in Sources */,
				2225A4D32A75B4DF00FC89C0 /* SearchForm.swift in Sources */,
				22A4B6192A731465003538BD /* WaitingRoomView.swift in Sources */,
				2225A4DA2A787B9700FC89C0 /* VotingForm.swift in Sources */,
				22A4B6172A7303D6003538BD /* PromptModel.swift in Sources */,
				2225A4D52A785FBF00FC89C0 /* PromptManager.swift in Sources */,
				22A4B5D42A70F51B003538BD /* LoginForm.swift in Sources */,
				22A4B62F2A73F52F003538BD /* FirebaseManager.swift in Sources */,
				2225A4DE2A787C6000FC89C0 /* Scoreboard.swift in Sources */,
				2225A4DC2A787C4C00FC89C0 /* RoundResults.swift in Sources */,
				22A4B61B2A731481003538BD /* PersonalizePromptsView.swift in Sources */,
				22A4B5BC2A70DD39003538BD /* MEMEfyApp.swift in Sources */,
			);
			runOnlyForDeploymentPostprocessing = 0;
		};
/* End PBXSourcesBuildPhase section */

/* Begin XCBuildConfiguration section */
		22A4B5C42A70DD3B003538BD /* Debug */ = {
			isa = XCBuildConfiguration;
			buildSettings = {
				ALWAYS_SEARCH_USER_PATHS = NO;
				CLANG_ANALYZER_NONNULL = YES;
				CLANG_ANALYZER_NUMBER_OBJECT_CONVERSION = YES_AGGRESSIVE;
				CLANG_CXX_LANGUAGE_STANDARD = "gnu++20";
				CLANG_ENABLE_MODULES = YES;
				CLANG_ENABLE_OBJC_ARC = YES;
				CLANG_ENABLE_OBJC_WEAK = YES;
				CLANG_WARN_BLOCK_CAPTURE_AUTORELEASING = YES;
				CLANG_WARN_BOOL_CONVERSION = YES;
				CLANG_WARN_COMMA = YES;
				CLANG_WARN_CONSTANT_CONVERSION = YES;
				CLANG_WARN_DEPRECATED_OBJC_IMPLEMENTATIONS = YES;
				CLANG_WARN_DIRECT_OBJC_ISA_USAGE = YES_ERROR;
				CLANG_WARN_DOCUMENTATION_COMMENTS = YES;
				CLANG_WARN_EMPTY_BODY = YES;
				CLANG_WARN_ENUM_CONVERSION = YES;
				CLANG_WARN_INFINITE_RECURSION = YES;
				CLANG_WARN_INT_CONVERSION = YES;
				CLANG_WARN_NON_LITERAL_NULL_CONVERSION = YES;
				CLANG_WARN_OBJC_IMPLICIT_RETAIN_SELF = YES;
				CLANG_WARN_OBJC_LITERAL_CONVERSION = YES;
				CLANG_WARN_OBJC_ROOT_CLASS = YES_ERROR;
				CLANG_WARN_QUOTED_INCLUDE_IN_FRAMEWORK_HEADER = YES;
				CLANG_WARN_RANGE_LOOP_ANALYSIS = YES;
				CLANG_WARN_STRICT_PROTOTYPES = YES;
				CLANG_WARN_SUSPICIOUS_MOVE = YES;
				CLANG_WARN_UNGUARDED_AVAILABILITY = YES_AGGRESSIVE;
				CLANG_WARN_UNREACHABLE_CODE = YES;
				CLANG_WARN__DUPLICATE_METHOD_MATCH = YES;
				COPY_PHASE_STRIP = NO;
				DEBUG_INFORMATION_FORMAT = dwarf;
				ENABLE_STRICT_OBJC_MSGSEND = YES;
				ENABLE_TESTABILITY = YES;
				GCC_C_LANGUAGE_STANDARD = gnu11;
				GCC_DYNAMIC_NO_PIC = NO;
				GCC_NO_COMMON_BLOCKS = YES;
				GCC_OPTIMIZATION_LEVEL = 0;
				GCC_PREPROCESSOR_DEFINITIONS = (
					"DEBUG=1",
					"$(inherited)",
				);
				GCC_WARN_64_TO_32_BIT_CONVERSION = YES;
				GCC_WARN_ABOUT_RETURN_TYPE = YES_ERROR;
				GCC_WARN_UNDECLARED_SELECTOR = YES;
				GCC_WARN_UNINITIALIZED_AUTOS = YES_AGGRESSIVE;
				GCC_WARN_UNUSED_FUNCTION = YES;
				GCC_WARN_UNUSED_VARIABLE = YES;
				IPHONEOS_DEPLOYMENT_TARGET = 16.4;
				MTL_ENABLE_DEBUG_INFO = INCLUDE_SOURCE;
				MTL_FAST_MATH = YES;
				ONLY_ACTIVE_ARCH = YES;
				SDKROOT = iphoneos;
				SWIFT_ACTIVE_COMPILATION_CONDITIONS = DEBUG;
				SWIFT_OPTIMIZATION_LEVEL = "-Onone";
			};
			name = Debug;
		};
		22A4B5C52A70DD3B003538BD /* Release */ = {
			isa = XCBuildConfiguration;
			buildSettings = {
				ALWAYS_SEARCH_USER_PATHS = NO;
				CLANG_ANALYZER_NONNULL = YES;
				CLANG_ANALYZER_NUMBER_OBJECT_CONVERSION = YES_AGGRESSIVE;
				CLANG_CXX_LANGUAGE_STANDARD = "gnu++20";
				CLANG_ENABLE_MODULES = YES;
				CLANG_ENABLE_OBJC_ARC = YES;
				CLANG_ENABLE_OBJC_WEAK = YES;
				CLANG_WARN_BLOCK_CAPTURE_AUTORELEASING = YES;
				CLANG_WARN_BOOL_CONVERSION = YES;
				CLANG_WARN_COMMA = YES;
				CLANG_WARN_CONSTANT_CONVERSION = YES;
				CLANG_WARN_DEPRECATED_OBJC_IMPLEMENTATIONS = YES;
				CLANG_WARN_DIRECT_OBJC_ISA_USAGE = YES_ERROR;
				CLANG_WARN_DOCUMENTATION_COMMENTS = YES;
				CLANG_WARN_EMPTY_BODY = YES;
				CLANG_WARN_ENUM_CONVERSION = YES;
				CLANG_WARN_INFINITE_RECURSION = YES;
				CLANG_WARN_INT_CONVERSION = YES;
				CLANG_WARN_NON_LITERAL_NULL_CONVERSION = YES;
				CLANG_WARN_OBJC_IMPLICIT_RETAIN_SELF = YES;
				CLANG_WARN_OBJC_LITERAL_CONVERSION = YES;
				CLANG_WARN_OBJC_ROOT_CLASS = YES_ERROR;
				CLANG_WARN_QUOTED_INCLUDE_IN_FRAMEWORK_HEADER = YES;
				CLANG_WARN_RANGE_LOOP_ANALYSIS = YES;
				CLANG_WARN_STRICT_PROTOTYPES = YES;
				CLANG_WARN_SUSPICIOUS_MOVE = YES;
				CLANG_WARN_UNGUARDED_AVAILABILITY = YES_AGGRESSIVE;
				CLANG_WARN_UNREACHABLE_CODE = YES;
				CLANG_WARN__DUPLICATE_METHOD_MATCH = YES;
				COPY_PHASE_STRIP = NO;
				DEBUG_INFORMATION_FORMAT = "dwarf-with-dsym";
				ENABLE_NS_ASSERTIONS = NO;
				ENABLE_STRICT_OBJC_MSGSEND = YES;
				GCC_C_LANGUAGE_STANDARD = gnu11;
				GCC_NO_COMMON_BLOCKS = YES;
				GCC_WARN_64_TO_32_BIT_CONVERSION = YES;
				GCC_WARN_ABOUT_RETURN_TYPE = YES_ERROR;
				GCC_WARN_UNDECLARED_SELECTOR = YES;
				GCC_WARN_UNINITIALIZED_AUTOS = YES_AGGRESSIVE;
				GCC_WARN_UNUSED_FUNCTION = YES;
				GCC_WARN_UNUSED_VARIABLE = YES;
				IPHONEOS_DEPLOYMENT_TARGET = 16.4;
				MTL_ENABLE_DEBUG_INFO = NO;
				MTL_FAST_MATH = YES;
				SDKROOT = iphoneos;
				SWIFT_COMPILATION_MODE = wholemodule;
				SWIFT_OPTIMIZATION_LEVEL = "-O";
				VALIDATE_PRODUCT = YES;
			};
			name = Release;
		};
		22A4B5C72A70DD3B003538BD /* Debug */ = {
			isa = XCBuildConfiguration;
			buildSettings = {
				ASSETCATALOG_COMPILER_APPICON_NAME = AppIcon;
				ASSETCATALOG_COMPILER_GLOBAL_ACCENT_COLOR_NAME = AccentColor;
				CODE_SIGN_STYLE = Automatic;
				CURRENT_PROJECT_VERSION = 1;
				DEVELOPMENT_ASSET_PATHS = "\"MEMEfy/Preview Content\"";
				DEVELOPMENT_TEAM = 4PFTC9UT9F;
				ENABLE_PREVIEWS = YES;
				GENERATE_INFOPLIST_FILE = YES;
				INFOPLIST_KEY_UIApplicationSceneManifest_Generation = YES;
				INFOPLIST_KEY_UIApplicationSupportsIndirectInputEvents = YES;
				INFOPLIST_KEY_UILaunchScreen_Generation = YES;
				INFOPLIST_KEY_UISupportedInterfaceOrientations_iPad = "UIInterfaceOrientationPortrait UIInterfaceOrientationPortraitUpsideDown UIInterfaceOrientationLandscapeLeft UIInterfaceOrientationLandscapeRight";
				INFOPLIST_KEY_UISupportedInterfaceOrientations_iPhone = "UIInterfaceOrientationPortrait UIInterfaceOrientationLandscapeLeft UIInterfaceOrientationLandscapeRight";
				LD_RUNPATH_SEARCH_PATHS = (
					"$(inherited)",
					"@executable_path/Frameworks",
				);
				MARKETING_VERSION = 1.0;
				PRODUCT_BUNDLE_IDENTIFIER = airisw.MEMEfy;
				PRODUCT_NAME = "$(TARGET_NAME)";
				SWIFT_EMIT_LOC_STRINGS = YES;
				SWIFT_VERSION = 5.0;
				TARGETED_DEVICE_FAMILY = "1,2";
			};
			name = Debug;
		};
		22A4B5C82A70DD3B003538BD /* Release */ = {
			isa = XCBuildConfiguration;
			buildSettings = {
				ASSETCATALOG_COMPILER_APPICON_NAME = AppIcon;
				ASSETCATALOG_COMPILER_GLOBAL_ACCENT_COLOR_NAME = AccentColor;
				CODE_SIGN_STYLE = Automatic;
				CURRENT_PROJECT_VERSION = 1;
				DEVELOPMENT_ASSET_PATHS = "\"MEMEfy/Preview Content\"";
				DEVELOPMENT_TEAM = 4PFTC9UT9F;
				ENABLE_PREVIEWS = YES;
				GENERATE_INFOPLIST_FILE = YES;
				INFOPLIST_KEY_UIApplicationSceneManifest_Generation = YES;
				INFOPLIST_KEY_UIApplicationSupportsIndirectInputEvents = YES;
				INFOPLIST_KEY_UILaunchScreen_Generation = YES;
				INFOPLIST_KEY_UISupportedInterfaceOrientations_iPad = "UIInterfaceOrientationPortrait UIInterfaceOrientationPortraitUpsideDown UIInterfaceOrientationLandscapeLeft UIInterfaceOrientationLandscapeRight";
				INFOPLIST_KEY_UISupportedInterfaceOrientations_iPhone = "UIInterfaceOrientationPortrait UIInterfaceOrientationLandscapeLeft UIInterfaceOrientationLandscapeRight";
				LD_RUNPATH_SEARCH_PATHS = (
					"$(inherited)",
					"@executable_path/Frameworks",
				);
				MARKETING_VERSION = 1.0;
				PRODUCT_BUNDLE_IDENTIFIER = airisw.MEMEfy;
				PRODUCT_NAME = "$(TARGET_NAME)";
				SWIFT_EMIT_LOC_STRINGS = YES;
				SWIFT_VERSION = 5.0;
				TARGETED_DEVICE_FAMILY = "1,2";
			};
			name = Release;
		};
/* End XCBuildConfiguration section */

/* Begin XCConfigurationList section */
		22A4B5B32A70DD39003538BD /* Build configuration list for PBXProject "MEMEfy" */ = {
			isa = XCConfigurationList;
			buildConfigurations = (
				22A4B5C42A70DD3B003538BD /* Debug */,
				22A4B5C52A70DD3B003538BD /* Release */,
			);
			defaultConfigurationIsVisible = 0;
			defaultConfigurationName = Release;
		};
		22A4B5C62A70DD3B003538BD /* Build configuration list for PBXNativeTarget "MEMEfy" */ = {
			isa = XCConfigurationList;
			buildConfigurations = (
				22A4B5C72A70DD3B003538BD /* Debug */,
				22A4B5C82A70DD3B003538BD /* Release */,
			);
			defaultConfigurationIsVisible = 0;
			defaultConfigurationName = Release;
		};
/* End XCConfigurationList section */

/* Begin XCRemoteSwiftPackageReference section */
		2225A5142A7AA76800FC89C0 /* XCRemoteSwiftPackageReference "giphy-ios-sdk" */ = {
			isa = XCRemoteSwiftPackageReference;
			repositoryURL = "https://github.com/Giphy/giphy-ios-sdk";
			requirement = {
				kind = exactVersion;
				version = 2.1.3;
			};
		};
		22A4B6262A731B9C003538BD /* XCRemoteSwiftPackageReference "firebase-ios-sdk" */ = {
			isa = XCRemoteSwiftPackageReference;
			repositoryURL = "https://github.com/firebase/firebase-ios-sdk";
			requirement = {
				kind = upToNextMajorVersion;
				minimumVersion = 10.0.0;
			};
		};
/* End XCRemoteSwiftPackageReference section */

/* Begin XCSwiftPackageProductDependency section */
		2225A5152A7AA76800FC89C0 /* GiphyUISDK */ = {
			isa = XCSwiftPackageProductDependency;
			package = 2225A5142A7AA76800FC89C0 /* XCRemoteSwiftPackageReference "giphy-ios-sdk" */;
			productName = GiphyUISDK;
		};
		22A4B6272A731B9C003538BD /* FirebaseFirestore */ = {
			isa = XCSwiftPackageProductDependency;
			package = 22A4B6262A731B9C003538BD /* XCRemoteSwiftPackageReference "firebase-ios-sdk" */;
			productName = FirebaseFirestore;
		};
		22A4B6292A731B9C003538BD /* FirebaseFirestoreSwift */ = {
			isa = XCSwiftPackageProductDependency;
			package = 22A4B6262A731B9C003538BD /* XCRemoteSwiftPackageReference "firebase-ios-sdk" */;
			productName = FirebaseFirestoreSwift;
		};
/* End XCSwiftPackageProductDependency section */
	};
	rootObject = 22A4B5B02A70DD39003538BD /* Project object */;
}
